
Microsoft Visual Studio Solution File, Format Version 12.00
# Visual Studio Version 16
VisualStudioVersion = 16.0.32106.194
MinimumVisualStudioVersion = 10.0.40219.1
Project("{FAE04EC0-301F-11D3-BF4B-00C04F79EFBC}") = "LoopsAndRandomNumbers", "LoopsAndRandomNumbers\LoopsAndRandomNumbers.csproj", "{18F6CCA5-D42B-4E52-AB44-93ED189E0E37}"
EndProject
Project("{FAE04EC0-301F-11D3-BF4B-00C04F79EFBC}") = "PINInfiniteLoop", "PINInfiniteLoop\PINInfiniteLoop.csproj", "{24E4C44E-89A3-4DA0-AFA3-FB9932786C0B}"
EndProject
Project("{FAE04EC0-301F-11D3-BF4B-00C04F79EFBC}") = "RandomNumber", "RandomNumber\RandomNumber.csproj", "{D46C9A4C-3199-4DD6-82E8-5A2D5D01FFF0}"
EndProject
Project("{FAE04EC0-301F-11D3-BF4B-00C04F79EFBC}") = "GuessingGameInfinite", "GuessingGameInfinite\GuessingGameInfinite.csproj", "{FBF49338-5C58-4457-8386-DDE57A5E1652}"
EndProject
Project("{FAE04EC0-301F-11D3-BF4B-00C04F79EFBC}") = "GuessingGameThreeTries", "GuessingGameThreeTries\GuessingGameThreeTries.csproj", "{94A3EFB6-14FB-4344-A337-E88393511F41}"
EndProject
Global
	GlobalSection(SolutionConfigurationPlatforms) = preSolution
		Debug|Any CPU = Debug|Any CPU
		Release|Any CPU = Release|Any CPU
	EndGlobalSection
	GlobalSection(ProjectConfigurationPlatforms) = postSolution
		{18F6CCA5-D42B-4E52-AB44-93ED189E0E37}.Debug|Any CPU.ActiveCfg = Debug|Any CPU
		{18F6CCA5-D42B-4E52-AB44-93ED189E0E37}.Debug|Any CPU.Build.0 = Debug|Any CPU
		{18F6CCA5-D42B-4E52-AB44-93ED189E0E37}.Release|Any CPU.ActiveCfg = Release|Any CPU
		{18F6CCA5-D42B-4E52-AB44-93ED189E0E37}.Release|Any CPU.Build.0 = Release|Any CPU
		{24E4C44E-89A3-4DA0-AFA3-FB9932786C0B}.Debug|Any CPU.ActiveCfg = Debug|Any CPU
		{24E4C44E-89A3-4DA0-AFA3-FB9932786C0B}.Debug|Any CPU.Build.0 = Debug|Any CPU
		{24E4C44E-89A3-4DA0-AFA3-FB9932786C0B}.Release|Any CPU.ActiveCfg = Release|Any CPU
		{24E4C44E-89A3-4DA0-AFA3-FB9932786C0B}.Release|Any CPU.Build.0 = Release|Any CPU
		{D46C9A4C-3199-4DD6-82E8-5A2D5D01FFF0}.Debug|Any CPU.ActiveCfg = Debug|Any CPU
		{D46C9A4C-3199-4DD6-82E8-5A2D5D01FFF0}.Debug|Any CPU.Build.0 = Debug|Any CPU
		{D46C9A4C-3199-4DD6-82E8-5A2D5D01FFF0}.Release|Any CPU.ActiveCfg = Release|Any CPU
		{D46C9A4C-3199-4DD6-82E8-5A2D5D01FFF0}.Release|Any CPU.Build.0 = Release|Any CPU
		{FBF49338-5C58-4457-8386-DDE57A5E1652}.Debug|Any CPU.ActiveCfg = Debug|Any CPU
		{FBF49338-5C58-4457-8386-DDE57A5E1652}.Debug|Any CPU.Build.0 = Debug|Any CPU
		{FBF49338-5C58-4457-8386-DDE57A5E1652}.Release|Any CPU.ActiveCfg = Release|Any CPU
		{FBF49338-5C58-4457-8386-DDE57A5E1652}.Release|Any CPU.Build.0 = Release|Any CPU
		{94A3EFB6-14FB-4344-A337-E88393511F41}.Debug|Any CPU.ActiveCfg = Debug|Any CPU
		{94A3EFB6-14FB-4344-A337-E88393511F41}.Debug|Any CPU.Build.0 = Debug|Any CPU
		{94A3EFB6-14FB-4344-A337-E88393511F41}.Release|Any CPU.ActiveCfg = Release|Any CPU
		{94A3EFB6-14FB-4344-A337-E88393511F41}.Release|Any CPU.Build.0 = Release|Any CPU
	EndGlobalSection
	GlobalSection(SolutionProperties) = preSolution
		HideSolutionNode = FALSE
	EndGlobalSection
	GlobalSection(ExtensibilityGlobals) = postSolution
		SolutionGuid = {1422266E-18C1-4DC5-8B3A-CCD6430A83B7}
	EndGlobalSection
EndGlobal
